
Microsoft Visual Studio Solution File, Format Version 12.00
# Visual Studio Version 17
VisualStudioVersion = 17.4.33213.308
MinimumVisualStudioVersion = 10.0.40219.1
Project("{FAE04EC0-301F-11D3-BF4B-00C04F79EFBC}") = "oop-adventure", "oop-adventure.csproj", "{DD10F351-EE89-427E-84CB-3DAABF901507}"
EndProject
Global
	GlobalSection(SolutionConfigurationPlatforms) = preSolution
		Debug|Any CPU = Debug|Any CPU
		Release|Any CPU = Release|Any CPU
	EndGlobalSection
	GlobalSection(ProjectConfigurationPlatforms) = postSolution
		{DD10F351-EE89-427E-84CB-3DAABF901507}.Debug|Any CPU.ActiveCfg = Debug|Any CPU
		{DD10F351-EE89-427E-84CB-3DAABF901507}.Debug|Any CPU.Build.0 = Debug|Any CPU
		{DD10F351-EE89-427E-84CB-3DAABF901507}.Release|Any CPU.ActiveCfg = Release|Any CPU
		{DD10F351-EE89-427E-84CB-3DAABF901507}.Release|Any CPU.Build.0 = Release|Any CPU
	EndGlobalSection
	GlobalSection(SolutionProperties) = preSolution
		HideSolutionNode = FALSE
	EndGlobalSection
	GlobalSection(ExtensibilityGlobals) = postSolution
		SolutionGuid = {612A7809-CE9A-44C3-BA37-F08AFD86EA9B}
	EndGlobalSection
EndGlobal
